// !$*UTF8*$!
{
	archiveVersion = 1;
	classes = {
	};
	objectVersion = 50;
	objects = {

/* Begin PBXBuildFile section */
		EA0FA2132130188E004AB51F /* TrendingCollectionViewCell.swift in Sources */ = {isa = PBXBuildFile; fileRef = EA0FA2122130188E004AB51F /* TrendingCollectionViewCell.swift */; };
		EA0FA21521301E8B004AB51F /* GIF+UIImage.swift in Sources */ = {isa = PBXBuildFile; fileRef = EA0FA21421301E8B004AB51F /* GIF+UIImage.swift */; };
		EA14872221392E2400029BFC /* Constants.swift in Sources */ = {isa = PBXBuildFile; fileRef = EA14872121392E2400029BFC /* Constants.swift */; };
		EA1640BE2136F0140006B156 /* DateFormat.swift in Sources */ = {isa = PBXBuildFile; fileRef = EA1640BD2136F0140006B156 /* DateFormat.swift */; };
		EA16C4A121302FA500AFE9B6 /* Downloader.m in Sources */ = {isa = PBXBuildFile; fileRef = EA16C4A021302FA500AFE9B6 /* Downloader.m */; };
		EA16C4A321304A3F00AFE9B6 /* DetailGifViewController.swift in Sources */ = {isa = PBXBuildFile; fileRef = EA16C4A221304A3F00AFE9B6 /* DetailGifViewController.swift */; };
		EA1DA0592136CB4800C5CDC1 /* SearchDetailViewController.swift in Sources */ = {isa = PBXBuildFile; fileRef = EA1DA0572136CB4800C5CDC1 /* SearchDetailViewController.swift */; };
		EA1DA05A2136CB4800C5CDC1 /* SearchDetailViewController.xib in Resources */ = {isa = PBXBuildFile; fileRef = EA1DA0582136CB4800C5CDC1 /* SearchDetailViewController.xib */; };
		EA628A23212D754B00C0721B /* Gif.swift in Sources */ = {isa = PBXBuildFile; fileRef = EA628A22212D754B00C0721B /* Gif.swift */; };
		EA628A50212D959500C0721B /* JSON-Parser.m in Sources */ = {isa = PBXBuildFile; fileRef = EA628A4F212D959500C0721B /* JSON-Parser.m */; };
		EA628A52212D967300C0721B /* ViewModel.swift in Sources */ = {isa = PBXBuildFile; fileRef = EA628A51212D967300C0721B /* ViewModel.swift */; };
		EA693519212C30710065A3F4 /* AppDelegate.swift in Sources */ = {isa = PBXBuildFile; fileRef = EA693518212C30710065A3F4 /* AppDelegate.swift */; };
		EA69351B212C30710065A3F4 /* ViewController.swift in Sources */ = {isa = PBXBuildFile; fileRef = EA69351A212C30710065A3F4 /* ViewController.swift */; };
		EA69351E212C30710065A3F4 /* Main.storyboard in Resources */ = {isa = PBXBuildFile; fileRef = EA69351C212C30710065A3F4 /* Main.storyboard */; };
		EA693520212C30720065A3F4 /* Assets.xcassets in Resources */ = {isa = PBXBuildFile; fileRef = EA69351F212C30720065A3F4 /* Assets.xcassets */; };
		EA693523212C30720065A3F4 /* LaunchScreen.storyboard in Resources */ = {isa = PBXBuildFile; fileRef = EA693521212C30720065A3F4 /* LaunchScreen.storyboard */; };
		EA69352E212C30720065A3F4 /* GiphyAppTests.swift in Sources */ = {isa = PBXBuildFile; fileRef = EA69352D212C30720065A3F4 /* GiphyAppTests.swift */; };
		EA6C9AEA21356411007FA709 /* SearchCollectionViewCell.swift in Sources */ = {isa = PBXBuildFile; fileRef = EA6C9AE921356411007FA709 /* SearchCollectionViewCell.swift */; };
		EA6C9AED2135879F007FA709 /* GiphySearchViewController.swift in Sources */ = {isa = PBXBuildFile; fileRef = EA6C9AEC2135879F007FA709 /* GiphySearchViewController.swift */; };
		EA7F3E1621345C0A00E027D2 /* GiphyFileManager.m in Sources */ = {isa = PBXBuildFile; fileRef = EA7F3E1521345C0A00E027D2 /* GiphyFileManager.m */; };
/* End PBXBuildFile section */

/* Begin PBXContainerItemProxy section */
		EA69352A212C30720065A3F4 /* PBXContainerItemProxy */ = {
			isa = PBXContainerItemProxy;
			containerPortal = EA69350D212C30710065A3F4 /* Project object */;
			proxyType = 1;
			remoteGlobalIDString = EA693514212C30710065A3F4;
			remoteInfo = GiphyApp;
		};
/* End PBXContainerItemProxy section */

/* Begin PBXFileReference section */
		EA0FA2122130188E004AB51F /* TrendingCollectionViewCell.swift */ = {isa = PBXFileReference; lastKnownFileType = sourcecode.swift; path = TrendingCollectionViewCell.swift; sourceTree = "<group>"; };
		EA0FA21421301E8B004AB51F /* GIF+UIImage.swift */ = {isa = PBXFileReference; lastKnownFileType = sourcecode.swift; path = "GIF+UIImage.swift"; sourceTree = "<group>"; };
		EA14872121392E2400029BFC /* Constants.swift */ = {isa = PBXFileReference; lastKnownFileType = sourcecode.swift; path = Constants.swift; sourceTree = "<group>"; };
		EA1640BD2136F0140006B156 /* DateFormat.swift */ = {isa = PBXFileReference; lastKnownFileType = sourcecode.swift; path = DateFormat.swift; sourceTree = "<group>"; };
		EA16C49F21302FA500AFE9B6 /* Downloader.h */ = {isa = PBXFileReference; lastKnownFileType = sourcecode.c.h; path = Downloader.h; sourceTree = "<group>"; };
		EA16C4A021302FA500AFE9B6 /* Downloader.m */ = {isa = PBXFileReference; lastKnownFileType = sourcecode.c.objc; path = Downloader.m; sourceTree = "<group>"; };
		EA16C4A221304A3F00AFE9B6 /* DetailGifViewController.swift */ = {isa = PBXFileReference; lastKnownFileType = sourcecode.swift; path = DetailGifViewController.swift; sourceTree = "<group>"; };
		EA1DA0572136CB4800C5CDC1 /* SearchDetailViewController.swift */ = {isa = PBXFileReference; lastKnownFileType = sourcecode.swift; path = SearchDetailViewController.swift; sourceTree = "<group>"; };
		EA1DA0582136CB4800C5CDC1 /* SearchDetailViewController.xib */ = {isa = PBXFileReference; lastKnownFileType = file.xib; path = SearchDetailViewController.xib; sourceTree = "<group>"; };
		EA628A22212D754B00C0721B /* Gif.swift */ = {isa = PBXFileReference; lastKnownFileType = sourcecode.swift; path = Gif.swift; sourceTree = "<group>"; };
		EA628A4D212D955F00C0721B /* BridgingHeader.h */ = {isa = PBXFileReference; lastKnownFileType = sourcecode.c.h; path = BridgingHeader.h; sourceTree = "<group>"; };
		EA628A4E212D959500C0721B /* JSON-Parser.h */ = {isa = PBXFileReference; lastKnownFileType = sourcecode.c.h; path = "JSON-Parser.h"; sourceTree = "<group>"; };
		EA628A4F212D959500C0721B /* JSON-Parser.m */ = {isa = PBXFileReference; lastKnownFileType = sourcecode.c.objc; path = "JSON-Parser.m"; sourceTree = "<group>"; };
		EA628A51212D967300C0721B /* ViewModel.swift */ = {isa = PBXFileReference; lastKnownFileType = sourcecode.swift; path = ViewModel.swift; sourceTree = "<group>"; };
		EA693515212C30710065A3F4 /* GiphyApp.app */ = {isa = PBXFileReference; explicitFileType = wrapper.application; includeInIndex = 0; path = GiphyApp.app; sourceTree = BUILT_PRODUCTS_DIR; };
		EA693518212C30710065A3F4 /* AppDelegate.swift */ = {isa = PBXFileReference; lastKnownFileType = sourcecode.swift; path = AppDelegate.swift; sourceTree = "<group>"; };
		EA69351A212C30710065A3F4 /* ViewController.swift */ = {isa = PBXFileReference; lastKnownFileType = sourcecode.swift; path = ViewController.swift; sourceTree = "<group>"; };
		EA69351D212C30710065A3F4 /* Base */ = {isa = PBXFileReference; lastKnownFileType = file.storyboard; name = Base; path = Base.lproj/Main.storyboard; sourceTree = "<group>"; };
		EA69351F212C30720065A3F4 /* Assets.xcassets */ = {isa = PBXFileReference; lastKnownFileType = folder.assetcatalog; path = Assets.xcassets; sourceTree = "<group>"; };
		EA693522212C30720065A3F4 /* Base */ = {isa = PBXFileReference; lastKnownFileType = file.storyboard; name = Base; path = Base.lproj/LaunchScreen.storyboard; sourceTree = "<group>"; };
		EA693524212C30720065A3F4 /* Info.plist */ = {isa = PBXFileReference; lastKnownFileType = text.plist.xml; path = Info.plist; sourceTree = "<group>"; };
		EA693529212C30720065A3F4 /* GiphyAppTests.xctest */ = {isa = PBXFileReference; explicitFileType = wrapper.cfbundle; includeInIndex = 0; path = GiphyAppTests.xctest; sourceTree = BUILT_PRODUCTS_DIR; };
		EA69352D212C30720065A3F4 /* GiphyAppTests.swift */ = {isa = PBXFileReference; lastKnownFileType = sourcecode.swift; path = GiphyAppTests.swift; sourceTree = "<group>"; };
		EA69352F212C30720065A3F4 /* Info.plist */ = {isa = PBXFileReference; lastKnownFileType = text.plist.xml; path = Info.plist; sourceTree = "<group>"; };
		EA6C9AE921356411007FA709 /* SearchCollectionViewCell.swift */ = {isa = PBXFileReference; lastKnownFileType = sourcecode.swift; path = SearchCollectionViewCell.swift; sourceTree = "<group>"; };
		EA6C9AEC2135879F007FA709 /* GiphySearchViewController.swift */ = {isa = PBXFileReference; lastKnownFileType = sourcecode.swift; path = GiphySearchViewController.swift; sourceTree = "<group>"; };
		EA7F3E1421345C0A00E027D2 /* GiphyFileManager.h */ = {isa = PBXFileReference; lastKnownFileType = sourcecode.c.h; path = GiphyFileManager.h; sourceTree = "<group>"; };
		EA7F3E1521345C0A00E027D2 /* GiphyFileManager.m */ = {isa = PBXFileReference; lastKnownFileType = sourcecode.c.objc; path = GiphyFileManager.m; sourceTree = "<group>"; };
/* End PBXFileReference section */

/* Begin PBXFrameworksBuildPhase section */
		EA693512212C30710065A3F4 /* Frameworks */ = {
			isa = PBXFrameworksBuildPhase;
			buildActionMask = 2147483647;
			files = (
			);
			runOnlyForDeploymentPostprocessing = 0;
		};
		EA693526212C30720065A3F4 /* Frameworks */ = {
			isa = PBXFrameworksBuildPhase;
			buildActionMask = 2147483647;
			files = (
			);
			runOnlyForDeploymentPostprocessing = 0;
		};
/* End PBXFrameworksBuildPhase section */

/* Begin PBXGroup section */
		EA1487232139311100029BFC /* ViewControllers */ = {
			isa = PBXGroup;
			children = (
				EA1487242139312D00029BFC /* SearchDetailController */,
				EA69351A212C30710065A3F4 /* ViewController.swift */,
				EA16C4A221304A3F00AFE9B6 /* DetailGifViewController.swift */,
				EA6C9AEC2135879F007FA709 /* GiphySearchViewController.swift */,
			);
			path = ViewControllers;
			sourceTree = "<group>";
		};
		EA1487242139312D00029BFC /* SearchDetailController */ = {
			isa = PBXGroup;
			children = (
				EA1DA0572136CB4800C5CDC1 /* SearchDetailViewController.swift */,
				EA1DA0582136CB4800C5CDC1 /* SearchDetailViewController.xib */,
			);
			path = SearchDetailController;
			sourceTree = "<group>";
		};
		EA1487252139315300029BFC /* Support Files */ = {
			isa = PBXGroup;
			children = (
				EA69351C212C30710065A3F4 /* Main.storyboard */,
				EA69351F212C30720065A3F4 /* Assets.xcassets */,
				EA693518212C30710065A3F4 /* AppDelegate.swift */,
				EA693521212C30720065A3F4 /* LaunchScreen.storyboard */,
			);
			path = "Support Files";
			sourceTree = "<group>";
		};
		EA1487262139317A00029BFC /* Helpers */ = {
			isa = PBXGroup;
			children = (
				EA14872121392E2400029BFC /* Constants.swift */,
			);
			path = Helpers;
			sourceTree = "<group>";
		};
		EA1487272139318800029BFC /* Categories */ = {
			isa = PBXGroup;
			children = (
				EA1640BD2136F0140006B156 /* DateFormat.swift */,
				EA0FA21421301E8B004AB51F /* GIF+UIImage.swift */,
			);
			path = Categories;
			sourceTree = "<group>";
		};
		EA6289FD212D4B1E00C0721B /* View */ = {
			isa = PBXGroup;
			children = (
				EA1487232139311100029BFC /* ViewControllers */,
				EA6C9AEB213570FB007FA709 /* Cells */,
			);
			path = View;
			sourceTree = "<group>";
		};
		EA6289FE212D4B3100C0721B /* ViewModel */ = {
			isa = PBXGroup;
			children = (
				EA628A51212D967300C0721B /* ViewModel.swift */,
			);
			path = ViewModel;
			sourceTree = "<group>";
		};
		EA6289FF212D4B3B00C0721B /* Model */ = {
			isa = PBXGroup;
			children = (
				EA628A22212D754B00C0721B /* Gif.swift */,
			);
			path = Model;
			sourceTree = "<group>";
		};
		EA628A4C212D94BF00C0721B /* Services */ = {
			isa = PBXGroup;
			children = (
				EA628A4D212D955F00C0721B /* BridgingHeader.h */,
				EA7F3E1421345C0A00E027D2 /* GiphyFileManager.h */,
				EA7F3E1521345C0A00E027D2 /* GiphyFileManager.m */,
				EA628A4E212D959500C0721B /* JSON-Parser.h */,
				EA628A4F212D959500C0721B /* JSON-Parser.m */,
				EA16C49F21302FA500AFE9B6 /* Downloader.h */,
				EA16C4A021302FA500AFE9B6 /* Downloader.m */,
			);
			path = Services;
			sourceTree = "<group>";
		};
		EA69350C212C30710065A3F4 = {
			isa = PBXGroup;
			children = (
				EA693517212C30710065A3F4 /* GiphyApp */,
				EA69352C212C30720065A3F4 /* GiphyAppTests */,
				EA693516212C30710065A3F4 /* Products */,
			);
			sourceTree = "<group>";
		};
		EA693516212C30710065A3F4 /* Products */ = {
			isa = PBXGroup;
			children = (
				EA693515212C30710065A3F4 /* GiphyApp.app */,
				EA693529212C30720065A3F4 /* GiphyAppTests.xctest */,
			);
			name = Products;
			sourceTree = "<group>";
		};
		EA693517212C30710065A3F4 /* GiphyApp */ = {
			isa = PBXGroup;
			children = (
				EA1487272139318800029BFC /* Categories */,
				EA1487262139317A00029BFC /* Helpers */,
				EA1487252139315300029BFC /* Support Files */,
				EA628A4C212D94BF00C0721B /* Services */,
				EA6289FF212D4B3B00C0721B /* Model */,
				EA6289FE212D4B3100C0721B /* ViewModel */,
				EA6289FD212D4B1E00C0721B /* View */,
				EA693524212C30720065A3F4 /* Info.plist */,
			);
			path = GiphyApp;
			sourceTree = "<group>";
		};
		EA69352C212C30720065A3F4 /* GiphyAppTests */ = {
			isa = PBXGroup;
			children = (
				EA69352D212C30720065A3F4 /* GiphyAppTests.swift */,
				EA69352F212C30720065A3F4 /* Info.plist */,
			);
			path = GiphyAppTests;
			sourceTree = "<group>";
		};
		EA6C9AEB213570FB007FA709 /* Cells */ = {
			isa = PBXGroup;
			children = (
				EA0FA2122130188E004AB51F /* TrendingCollectionViewCell.swift */,
				EA6C9AE921356411007FA709 /* SearchCollectionViewCell.swift */,
			);
			path = Cells;
			sourceTree = "<group>";
		};
/* End PBXGroup section */

/* Begin PBXNativeTarget section */
		EA693514212C30710065A3F4 /* GiphyApp */ = {
			isa = PBXNativeTarget;
			buildConfigurationList = EA693532212C30720065A3F4 /* Build configuration list for PBXNativeTarget "GiphyApp" */;
			buildPhases = (
				EA693511212C30710065A3F4 /* Sources */,
				EA693512212C30710065A3F4 /* Frameworks */,
				EA693513212C30710065A3F4 /* Resources */,
			);
			buildRules = (
			);
			dependencies = (
			);
			name = GiphyApp;
			productName = GiphyApp;
			productReference = EA693515212C30710065A3F4 /* GiphyApp.app */;
			productType = "com.apple.product-type.application";
		};
		EA693528212C30720065A3F4 /* GiphyAppTests */ = {
			isa = PBXNativeTarget;
			buildConfigurationList = EA693535212C30720065A3F4 /* Build configuration list for PBXNativeTarget "GiphyAppTests" */;
			buildPhases = (
				EA693525212C30720065A3F4 /* Sources */,
				EA693526212C30720065A3F4 /* Frameworks */,
				EA693527212C30720065A3F4 /* Resources */,
			);
			buildRules = (
			);
			dependencies = (
				EA69352B212C30720065A3F4 /* PBXTargetDependency */,
			);
			name = GiphyAppTests;
			productName = GiphyAppTests;
			productReference = EA693529212C30720065A3F4 /* GiphyAppTests.xctest */;
			productType = "com.apple.product-type.bundle.unit-test";
		};
/* End PBXNativeTarget section */

/* Begin PBXProject section */
		EA69350D212C30710065A3F4 /* Project object */ = {
			isa = PBXProject;
			attributes = {
				LastSwiftUpdateCheck = 0940;
				LastUpgradeCheck = 0940;
				ORGANIZATIONNAME = "Nataliya Murauyova";
				TargetAttributes = {
					EA693514212C30710065A3F4 = {
						CreatedOnToolsVersion = 9.4.1;
						LastSwiftMigration = 0940;
					};
					EA693528212C30720065A3F4 = {
						CreatedOnToolsVersion = 9.4.1;
						TestTargetID = EA693514212C30710065A3F4;
					};
				};
			};
			buildConfigurationList = EA693510212C30710065A3F4 /* Build configuration list for PBXProject "GiphyApp" */;
			compatibilityVersion = "Xcode 9.3";
			developmentRegion = en;
			hasScannedForEncodings = 0;
			knownRegions = (
				en,
				Base,
			);
			mainGroup = EA69350C212C30710065A3F4;
			productRefGroup = EA693516212C30710065A3F4 /* Products */;
			projectDirPath = "";
			projectRoot = "";
			targets = (
				EA693514212C30710065A3F4 /* GiphyApp */,
				EA693528212C30720065A3F4 /* GiphyAppTests */,
			);
		};
/* End PBXProject section */

/* Begin PBXResourcesBuildPhase section */
		EA693513212C30710065A3F4 /* Resources */ = {
			isa = PBXResourcesBuildPhase;
			buildActionMask = 2147483647;
			files = (
				EA693523212C30720065A3F4 /* LaunchScreen.storyboard in Resources */,
				EA693520212C30720065A3F4 /* Assets.xcassets in Resources */,
				EA69351E212C30710065A3F4 /* Main.storyboard in Resources */,
				EA1DA05A2136CB4800C5CDC1 /* SearchDetailViewController.xib in Resources */,
			);
			runOnlyForDeploymentPostprocessing = 0;
		};
		EA693527212C30720065A3F4 /* Resources */ = {
			isa = PBXResourcesBuildPhase;
			buildActionMask = 2147483647;
			files = (
			);
			runOnlyForDeploymentPostprocessing = 0;
		};
/* End PBXResourcesBuildPhase section */

/* Begin PBXSourcesBuildPhase section */
		EA693511212C30710065A3F4 /* Sources */ = {
			isa = PBXSourcesBuildPhase;
			buildActionMask = 2147483647;
			files = (
				EA628A52212D967300C0721B /* ViewModel.swift in Sources */,
				EA6C9AED2135879F007FA709 /* GiphySearchViewController.swift in Sources */,
				EA6C9AEA21356411007FA709 /* SearchCollectionViewCell.swift in Sources */,
				EA628A50212D959500C0721B /* JSON-Parser.m in Sources */,
				EA0FA2132130188E004AB51F /* TrendingCollectionViewCell.swift in Sources */,
				EA14872221392E2400029BFC /* Constants.swift in Sources */,
				EA16C4A321304A3F00AFE9B6 /* DetailGifViewController.swift in Sources */,
				EA69351B212C30710065A3F4 /* ViewController.swift in Sources */,
				EA693519212C30710065A3F4 /* AppDelegate.swift in Sources */,
				EA1640BE2136F0140006B156 /* DateFormat.swift in Sources */,
				EA0FA21521301E8B004AB51F /* GIF+UIImage.swift in Sources */,
				EA7F3E1621345C0A00E027D2 /* GiphyFileManager.m in Sources */,
				EA16C4A121302FA500AFE9B6 /* Downloader.m in Sources */,
				EA1DA0592136CB4800C5CDC1 /* SearchDetailViewController.swift in Sources */,
				EA628A23212D754B00C0721B /* Gif.swift in Sources */,
			);
			runOnlyForDeploymentPostprocessing = 0;
		};
		EA693525212C30720065A3F4 /* Sources */ = {
			isa = PBXSourcesBuildPhase;
			buildActionMask = 2147483647;
			files = (
				EA69352E212C30720065A3F4 /* GiphyAppTests.swift in Sources */,
			);
			runOnlyForDeploymentPostprocessing = 0;
		};
/* End PBXSourcesBuildPhase section */

/* Begin PBXTargetDependency section */
		EA69352B212C30720065A3F4 /* PBXTargetDependency */ = {
			isa = PBXTargetDependency;
			target = EA693514212C30710065A3F4 /* GiphyApp */;
			targetProxy = EA69352A212C30720065A3F4 /* PBXContainerItemProxy */;
		};
/* End PBXTargetDependency section */

/* Begin PBXVariantGroup section */
		EA69351C212C30710065A3F4 /* Main.storyboard */ = {
			isa = PBXVariantGroup;
			children = (
				EA69351D212C30710065A3F4 /* Base */,
			);
			name = Main.storyboard;
			sourceTree = "<group>";
		};
		EA693521212C30720065A3F4 /* LaunchScreen.storyboard */ = {
			isa = PBXVariantGroup;
			children = (
				EA693522212C30720065A3F4 /* Base */,
			);
			name = LaunchScreen.storyboard;
			sourceTree = "<group>";
		};
/* End PBXVariantGroup section */

/* Begin XCBuildConfiguration section */
		EA693530212C30720065A3F4 /* Debug */ = {
			isa = XCBuildConfiguration;
			buildSettings = {
				ALWAYS_SEARCH_USER_PATHS = NO;
				CLANG_ANALYZER_NONNULL = YES;
				CLANG_ANALYZER_NUMBER_OBJECT_CONVERSION = YES_AGGRESSIVE;
				CLANG_CXX_LANGUAGE_STANDARD = "gnu++14";
				CLANG_CXX_LIBRARY = "libc++";
				CLANG_ENABLE_MODULES = YES;
				CLANG_ENABLE_OBJC_ARC = YES;
				CLANG_ENABLE_OBJC_WEAK = YES;
				CLANG_WARN_BLOCK_CAPTURE_AUTORELEASING = YES;
				CLANG_WARN_BOOL_CONVERSION = YES;
				CLANG_WARN_COMMA = YES;
				CLANG_WARN_CONSTANT_CONVERSION = YES;
				CLANG_WARN_DEPRECATED_OBJC_IMPLEMENTATIONS = YES;
				CLANG_WARN_DIRECT_OBJC_ISA_USAGE = YES_ERROR;
				CLANG_WARN_DOCUMENTATION_COMMENTS = YES;
				CLANG_WARN_EMPTY_BODY = YES;
				CLANG_WARN_ENUM_CONVERSION = YES;
				CLANG_WARN_INFINITE_RECURSION = YES;
				CLANG_WARN_INT_CONVERSION = YES;
				CLANG_WARN_NON_LITERAL_NULL_CONVERSION = YES;
				CLANG_WARN_OBJC_IMPLICIT_RETAIN_SELF = YES;
				CLANG_WARN_OBJC_LITERAL_CONVERSION = YES;
				CLANG_WARN_OBJC_ROOT_CLASS = YES_ERROR;
				CLANG_WARN_RANGE_LOOP_ANALYSIS = YES;
				CLANG_WARN_STRICT_PROTOTYPES = YES;
				CLANG_WARN_SUSPICIOUS_MOVE = YES;
				CLANG_WARN_UNGUARDED_AVAILABILITY = YES_AGGRESSIVE;
				CLANG_WARN_UNREACHABLE_CODE = YES;
				CLANG_WARN__DUPLICATE_METHOD_MATCH = YES;
				CODE_SIGN_IDENTITY = "iPhone Developer";
				COPY_PHASE_STRIP = NO;
				DEBUG_INFORMATION_FORMAT = dwarf;
				ENABLE_STRICT_OBJC_MSGSEND = YES;
				ENABLE_TESTABILITY = YES;
				GCC_C_LANGUAGE_STANDARD = gnu11;
				GCC_DYNAMIC_NO_PIC = NO;
				GCC_NO_COMMON_BLOCKS = YES;
				GCC_OPTIMIZATION_LEVEL = 0;
				GCC_PREPROCESSOR_DEFINITIONS = (
					"DEBUG=1",
					"$(inherited)",
				);
				GCC_WARN_64_TO_32_BIT_CONVERSION = YES;
				GCC_WARN_ABOUT_RETURN_TYPE = YES_ERROR;
				GCC_WARN_UNDECLARED_SELECTOR = YES;
				GCC_WARN_UNINITIALIZED_AUTOS = YES_AGGRESSIVE;
				GCC_WARN_UNUSED_FUNCTION = YES;
				GCC_WARN_UNUSED_VARIABLE = YES;
				IPHONEOS_DEPLOYMENT_TARGET = 11.4;
				MTL_ENABLE_DEBUG_INFO = YES;
				ONLY_ACTIVE_ARCH = YES;
				SDKROOT = iphoneos;
				SWIFT_ACTIVE_COMPILATION_CONDITIONS = DEBUG;
				SWIFT_OPTIMIZATION_LEVEL = "-Onone";
			};
			name = Debug;
		};
		EA693531212C30720065A3F4 /* Release */ = {
			isa = XCBuildConfiguration;
			buildSettings = {
				ALWAYS_SEARCH_USER_PATHS = NO;
				CLANG_ANALYZER_NONNULL = YES;
				CLANG_ANALYZER_NUMBER_OBJECT_CONVERSION = YES_AGGRESSIVE;
				CLANG_CXX_LANGUAGE_STANDARD = "gnu++14";
				CLANG_CXX_LIBRARY = "libc++";
				CLANG_ENABLE_MODULES = YES;
				CLANG_ENABLE_OBJC_ARC = YES;
				CLANG_ENABLE_OBJC_WEAK = YES;
				CLANG_WARN_BLOCK_CAPTURE_AUTORELEASING = YES;
				CLANG_WARN_BOOL_CONVERSION = YES;
				CLANG_WARN_COMMA = YES;
				CLANG_WARN_CONSTANT_CONVERSION = YES;
				CLANG_WARN_DEPRECATED_OBJC_IMPLEMENTATIONS = YES;
				CLANG_WARN_DIRECT_OBJC_ISA_USAGE = YES_ERROR;
				CLANG_WARN_DOCUMENTATION_COMMENTS = YES;
				CLANG_WARN_EMPTY_BODY = YES;
				CLANG_WARN_ENUM_CONVERSION = YES;
				CLANG_WARN_INFINITE_RECURSION = YES;
				CLANG_WARN_INT_CONVERSION = YES;
				CLANG_WARN_NON_LITERAL_NULL_CONVERSION = YES;
				CLANG_WARN_OBJC_IMPLICIT_RETAIN_SELF = YES;
				CLANG_WARN_OBJC_LITERAL_CONVERSION = YES;
				CLANG_WARN_OBJC_ROOT_CLASS = YES_ERROR;
				CLANG_WARN_RANGE_LOOP_ANALYSIS = YES;
				CLANG_WARN_STRICT_PROTOTYPES = YES;
				CLANG_WARN_SUSPICIOUS_MOVE = YES;
				CLANG_WARN_UNGUARDED_AVAILABILITY = YES_AGGRESSIVE;
				CLANG_WARN_UNREACHABLE_CODE = YES;
				CLANG_WARN__DUPLICATE_METHOD_MATCH = YES;
				CODE_SIGN_IDENTITY = "iPhone Developer";
				COPY_PHASE_STRIP = NO;
				DEBUG_INFORMATION_FORMAT = "dwarf-with-dsym";
				ENABLE_NS_ASSERTIONS = NO;
				ENABLE_STRICT_OBJC_MSGSEND = YES;
				GCC_C_LANGUAGE_STANDARD = gnu11;
				GCC_NO_COMMON_BLOCKS = YES;
				GCC_WARN_64_TO_32_BIT_CONVERSION = YES;
				GCC_WARN_ABOUT_RETURN_TYPE = YES_ERROR;
				GCC_WARN_UNDECLARED_SELECTOR = YES;
				GCC_WARN_UNINITIALIZED_AUTOS = YES_AGGRESSIVE;
				GCC_WARN_UNUSED_FUNCTION = YES;
				GCC_WARN_UNUSED_VARIABLE = YES;
				IPHONEOS_DEPLOYMENT_TARGET = 11.4;
				MTL_ENABLE_DEBUG_INFO = NO;
				SDKROOT = iphoneos;
				SWIFT_COMPILATION_MODE = wholemodule;
				SWIFT_OPTIMIZATION_LEVEL = "-O";
				VALIDATE_PRODUCT = YES;
			};
			name = Release;
		};
		EA693533212C30720065A3F4 /* Debug */ = {
			isa = XCBuildConfiguration;
			buildSettings = {
				ASSETCATALOG_COMPILER_APPICON_NAME = AppIcon;
				CLANG_ENABLE_MODULES = YES;
				CODE_SIGN_STYLE = Automatic;
				DEVELOPMENT_TEAM = 8GV573DZ5G;
				INFOPLIST_FILE = GiphyApp/Info.plist;
				LD_RUNPATH_SEARCH_PATHS = (
					"$(inherited)",
					"@executable_path/Frameworks",
				);
				PRODUCT_BUNDLE_IDENTIFIER = "Nataliya-Murauyova.GiphyApp";
				PRODUCT_NAME = "$(TARGET_NAME)";
				SWIFT_OBJC_BRIDGING_HEADER = GiphyApp/Services/BridgingHeader.h;
				SWIFT_OPTIMIZATION_LEVEL = "-Onone";
				SWIFT_VERSION = 4.0;
				TARGETED_DEVICE_FAMILY = "1,2";
			};
			name = Debug;
		};
		EA693534212C30720065A3F4 /* Release */ = {
			isa = XCBuildConfiguration;
			buildSettings = {
				ASSETCATALOG_COMPILER_APPICON_NAME = AppIcon;
				CLANG_ENABLE_MODULES = YES;
				CODE_SIGN_STYLE = Automatic;
				DEVELOPMENT_TEAM = 8GV573DZ5G;
				INFOPLIST_FILE = GiphyApp/Info.plist;
				LD_RUNPATH_SEARCH_PATHS = (
					"$(inherited)",
					"@executable_path/Frameworks",
				);
				PRODUCT_BUNDLE_IDENTIFIER = "Nataliya-Murauyova.GiphyApp";
				PRODUCT_NAME = "$(TARGET_NAME)";
				SWIFT_OBJC_BRIDGING_HEADER = GiphyApp/Services/BridgingHeader.h;
				SWIFT_VERSION = 4.0;
				TARGETED_DEVICE_FAMILY = "1,2";
			};
			name = Release;
		};
		EA693536212C30720065A3F4 /* Debug */ = {
			isa = XCBuildConfiguration;
			buildSettings = {
				ALWAYS_EMBED_SWIFT_STANDARD_LIBRARIES = YES;
				BUNDLE_LOADER = "$(TEST_HOST)";
				CODE_SIGN_STYLE = Automatic;
				DEVELOPMENT_TEAM = 8GV573DZ5G;
				INFOPLIST_FILE = GiphyAppTests/Info.plist;
				LD_RUNPATH_SEARCH_PATHS = (
					"$(inherited)",
					"@executable_path/Frameworks",
					"@loader_path/Frameworks",
				);
				PRODUCT_BUNDLE_IDENTIFIER = "Nataliya-Murauyova.GiphyAppTests";
				PRODUCT_NAME = "$(TARGET_NAME)";
				SWIFT_VERSION = 4.0;
				TARGETED_DEVICE_FAMILY = "1,2";
				TEST_HOST = "$(BUILT_PRODUCTS_DIR)/GiphyApp.app/GiphyApp";
			};
			name = Debug;
		};
		EA693537212C30720065A3F4 /* Release */ = {
			isa = XCBuildConfiguration;
			buildSettings = {
				ALWAYS_EMBED_SWIFT_STANDARD_LIBRARIES = YES;
				BUNDLE_LOADER = "$(TEST_HOST)";
				CODE_SIGN_STYLE = Automatic;
				DEVELOPMENT_TEAM = 8GV573DZ5G;
				INFOPLIST_FILE = GiphyAppTests/Info.plist;
				LD_RUNPATH_SEARCH_PATHS = (
					"$(inherited)",
					"@executable_path/Frameworks",
					"@loader_path/Frameworks",
				);
				PRODUCT_BUNDLE_IDENTIFIER = "Nataliya-Murauyova.GiphyAppTests";
				PRODUCT_NAME = "$(TARGET_NAME)";
				SWIFT_VERSION = 4.0;
				TARGETED_DEVICE_FAMILY = "1,2";
				TEST_HOST = "$(BUILT_PRODUCTS_DIR)/GiphyApp.app/GiphyApp";
			};
			name = Release;
		};
/* End XCBuildConfiguration section */

/* Begin XCConfigurationList section */
		EA693510212C30710065A3F4 /* Build configuration list for PBXProject "GiphyApp" */ = {
			isa = XCConfigurationList;
			buildConfigurations = (
				EA693530212C30720065A3F4 /* Debug */,
				EA693531212C30720065A3F4 /* Release */,
			);
			defaultConfigurationIsVisible = 0;
			defaultConfigurationName = Release;
		};
		EA693532212C30720065A3F4 /* Build configuration list for PBXNativeTarget "GiphyApp" */ = {
			isa = XCConfigurationList;
			buildConfigurations = (
				EA693533212C30720065A3F4 /* Debug */,
				EA693534212C30720065A3F4 /* Release */,
			);
			defaultConfigurationIsVisible = 0;
			defaultConfigurationName = Release;
		};
		EA693535212C30720065A3F4 /* Build configuration list for PBXNativeTarget "GiphyAppTests" */ = {
			isa = XCConfigurationList;
			buildConfigurations = (
				EA693536212C30720065A3F4 /* Debug */,
				EA693537212C30720065A3F4 /* Release */,
			);
			defaultConfigurationIsVisible = 0;
			defaultConfigurationName = Release;
		};
/* End XCConfigurationList section */
	};
	rootObject = EA69350D212C30710065A3F4 /* Project object */;
}
